
Microsoft Visual Studio Solution File, Format Version 12.00
# Visual Studio Version 16
VisualStudioVersion = 16.0.31729.503
MinimumVisualStudioVersion = 10.0.40219.1
Project("{FAE04EC0-301F-11D3-BF4B-00C04F79EFBC}") = "Lab10WpfApp", "Lab10WpfApp\Lab10WpfApp.csproj", "{0903117B-EE7B-4818-9F9D-CD588940CB58}"
EndProject
Global
	GlobalSection(SolutionConfigurationPlatforms) = preSolution
		Debug|Any CPU = Debug|Any CPU
		Release|Any CPU = Release|Any CPU
	EndGlobalSection
	GlobalSection(ProjectConfigurationPlatforms) = postSolution
		{0903117B-EE7B-4818-9F9D-CD588940CB58}.Debug|Any CPU.ActiveCfg = Debug|Any CPU
		{0903117B-EE7B-4818-9F9D-CD588940CB58}.Debug|Any CPU.Build.0 = Debug|Any CPU
		{0903117B-EE7B-4818-9F9D-CD588940CB58}.Release|Any CPU.ActiveCfg = Release|Any CPU
		{0903117B-EE7B-4818-9F9D-CD588940CB58}.Release|Any CPU.Build.0 = Release|Any CPU
	EndGlobalSection
	GlobalSection(SolutionProperties) = preSolution
		HideSolutionNode = FALSE
	EndGlobalSection
	GlobalSection(ExtensibilityGlobals) = postSolution
		SolutionGuid = {07043D78-4D40-4EE0-8B7C-B84AFE04C415}
	EndGlobalSection
EndGlobal
